
Microsoft Visual Studio Solution File, Format Version 12.00
# Visual Studio Version 16
VisualStudioVersion = 16.0.33529.622
MinimumVisualStudioVersion = 10.0.40219.1
Project("{FAE04EC0-301F-11D3-BF4B-00C04F79EFBC}") = "ContentCounter", "ContentCounter\ContentCounter.csproj", "{C3C91527-778A-4783-8B46-C5614812C1AA}"
EndProject
Global
	GlobalSection(SolutionConfigurationPlatforms) = preSolution
		Debug|Any CPU = Debug|Any CPU
		Release|Any CPU = Release|Any CPU
	EndGlobalSection
	GlobalSection(ProjectConfigurationPlatforms) = postSolution
		{C3C91527-778A-4783-8B46-C5614812C1AA}.Debug|Any CPU.ActiveCfg = Debug|Any CPU
		{C3C91527-778A-4783-8B46-C5614812C1AA}.Debug|Any CPU.Build.0 = Debug|Any CPU
		{C3C91527-778A-4783-8B46-C5614812C1AA}.Release|Any CPU.ActiveCfg = Release|Any CPU
		{C3C91527-778A-4783-8B46-C5614812C1AA}.Release|Any CPU.Build.0 = Release|Any CPU
	EndGlobalSection
	GlobalSection(SolutionProperties) = preSolution
		HideSolutionNode = FALSE
	EndGlobalSection
	GlobalSection(ExtensibilityGlobals) = postSolution
		SolutionGuid = {4458F5A1-945E-4C07-A7FD-4B5561073AEF}
	EndGlobalSection
EndGlobal
